// !$*UTF8*$!
{
	archiveVersion = 1;
	classes = {
	};
	objectVersion = 46;
	objects = {

/* Begin PBXAggregateTarget section */
		AA6F1851E4C94EE698BA2A9A /* ZERO_CHECK */ = {
			isa = PBXAggregateTarget;
			buildConfigurationList = 52D34105C45A4B36AD11C270 /* Build configuration list for PBXAggregateTarget "ZERO_CHECK" */;
			buildPhases = (
				65A0A2DE0612410498BACBE6 /* CMake Rules */,
			);
			dependencies = (
			);
			name = ZERO_CHECK;
			productName = ZERO_CHECK;
		};
		DCDBEA28BFDA4238AE56426A /* ALL_BUILD */ = {
			isa = PBXAggregateTarget;
			buildConfigurationList = 5D9DAB39065D4FB8820D5098 /* Build configuration list for PBXAggregateTarget "ALL_BUILD" */;
			buildPhases = (
				50F7B3F1D2834B5BBAB6E7E5 /* CMake Rules */,
			);
			dependencies = (
				C2182451B9DE4E1C8C525555 /* PBXTargetDependency */,
				DF598CE795EB4F0F901A8447 /* PBXTargetDependency */,
			);
			name = ALL_BUILD;
			productName = ALL_BUILD;
		};
/* End PBXAggregateTarget section */

/* Begin PBXBuildFile section */
		70C7F5A160E249B49E33A4EB /* kalman.cpp in Sources */ = {isa = PBXBuildFile; fileRef = DD2C699964E64B9EB415CA19 /* kalman.cpp */; };
		E7685FF6FFE24186A65E1A24 /* kalman_test.cpp in Sources */ = {isa = PBXBuildFile; fileRef = 1E6EBF01C813438D8919315B /* kalman_test.cpp */; };
/* End PBXBuildFile section */

/* Begin PBXContainerItemProxy section */
		1A88C265CCBF48C69FF56C2C /* PBXContainerItemProxy */ = {
			isa = PBXContainerItemProxy;
			containerPortal = 255929427E9E44ED8C94D12E /* Project object */;
			proxyType = 1;
			remoteGlobalIDString = AA6F1851E4C94EE698BA2A9A;
			remoteInfo = ZERO_CHECK;
		};
		1ADF73DA7614499E80CE9D23 /* PBXContainerItemProxy */ = {
			isa = PBXContainerItemProxy;
			containerPortal = 255929427E9E44ED8C94D12E /* Project object */;
			proxyType = 1;
			remoteGlobalIDString = 989ED09018824917A6B10B3B;
			remoteInfo = kalman_test;
		};
		98A8F33E4B4C4E4F89A4977D /* PBXContainerItemProxy */ = {
			isa = PBXContainerItemProxy;
			containerPortal = 255929427E9E44ED8C94D12E /* Project object */;
			proxyType = 1;
			remoteGlobalIDString = AA6F1851E4C94EE698BA2A9A;
			remoteInfo = ZERO_CHECK;
		};
/* End PBXContainerItemProxy section */

/* Begin PBXFileReference section */
		1E6EBF01C813438D8919315B /* kalman_test.cpp */ = {isa = PBXFileReference; explicitFileType = sourcecode.cpp.cpp; fileEncoding = 4; path = kalman_test.cpp; sourceTree = SOURCE_ROOT; };
		3A7C7F222060112B005407FA /* kalman.hpp */ = {isa = PBXFileReference; fileEncoding = 4; lastKnownFileType = sourcecode.cpp.h; path = kalman.hpp; sourceTree = "<group>"; };
		453739BFF5DA416482FAA4F3 /* CMakeLists.txt */ = {isa = PBXFileReference; explicitFileType = sourcecode.text; fileEncoding = 4; lastKnownFileType = text; path = CMakeLists.txt; sourceTree = SOURCE_ROOT; };
		5EE30525071B43BBA501AA5F /* CMakeLists.txt */ = {isa = PBXFileReference; explicitFileType = sourcecode.text; fileEncoding = 4; lastKnownFileType = text; path = CMakeLists.txt; sourceTree = SOURCE_ROOT; };
		6854A4C6DACD4C109BD30F5E /* CMakeLists.txt */ = {isa = PBXFileReference; explicitFileType = sourcecode.text; fileEncoding = 4; lastKnownFileType = text; path = CMakeLists.txt; sourceTree = SOURCE_ROOT; };
		DD2C699964E64B9EB415CA19 /* kalman.cpp */ = {isa = PBXFileReference; explicitFileType = sourcecode.cpp.cpp; fileEncoding = 4; path = kalman.cpp; sourceTree = SOURCE_ROOT; };
		E0CE048CE4D0472A9EF068FC /* kalman_test */ = {isa = PBXFileReference; explicitFileType = "compiled.mach-o.executable"; path = kalman_test; sourceTree = BUILT_PRODUCTS_DIR; };
/* End PBXFileReference section */

/* Begin PBXGroup section */
		0FC6638D7FA34F4A84052B2C /* ALL_BUILD */ = {
			isa = PBXGroup;
			children = (
				D5EE32A3841E4C509044DCC4 /* CMake Rules */,
				6854A4C6DACD4C109BD30F5E /* CMakeLists.txt */,
			);
			name = ALL_BUILD;
			sourceTree = "<group>";
		};
		13448C6598EE4581B3D3967A /* Source Files */ = {
			isa = PBXGroup;
			children = (
				DD2C699964E64B9EB415CA19 /* kalman.cpp */,
				1E6EBF01C813438D8919315B /* kalman_test.cpp */,
				3A7C7F222060112B005407FA /* kalman.hpp */,
			);
			name = "Source Files";
			sourceTree = "<group>";
		};
		18299326584448C18994C317 /* Products */ = {
			isa = PBXGroup;
			children = (
				E0CE048CE4D0472A9EF068FC /* kalman_test */,
			);
			name = Products;
			sourceTree = "<group>";
		};
		5258B9F9EC8B47C0ACF11DEE = {
			isa = PBXGroup;
			children = (
				55D3B00E36054F63B567290E /* kalman_test */,
				0FC6638D7FA34F4A84052B2C /* ALL_BUILD */,
				B189EC2D3DD44D3EBBDE147D /* ZERO_CHECK */,
				18299326584448C18994C317 /* Products */,
			);
			sourceTree = "<group>";
		};
		55D3B00E36054F63B567290E /* kalman_test */ = {
			isa = PBXGroup;
			children = (
				13448C6598EE4581B3D3967A /* Source Files */,
				5EE30525071B43BBA501AA5F /* CMakeLists.txt */,
			);
			name = kalman_test;
			sourceTree = "<group>";
		};
		B189EC2D3DD44D3EBBDE147D /* ZERO_CHECK */ = {
			isa = PBXGroup;
			children = (
				F2E4E95E66B74C9B94EF6F82 /* CMake Rules */,
				453739BFF5DA416482FAA4F3 /* CMakeLists.txt */,
			);
			name = ZERO_CHECK;
			sourceTree = "<group>";
		};
		D5EE32A3841E4C509044DCC4 /* CMake Rules */ = {
			isa = PBXGroup;
			children = (
			);
			name = "CMake Rules";
			sourceTree = "<group>";
		};
		F2E4E95E66B74C9B94EF6F82 /* CMake Rules */ = {
			isa = PBXGroup;
			children = (
			);
			name = "CMake Rules";
			sourceTree = "<group>";
		};
/* End PBXGroup section */

/* Begin PBXNativeTarget section */
		989ED09018824917A6B10B3B /* kalman_test */ = {
			isa = PBXNativeTarget;
			buildConfigurationList = 881B84CE65234DC780011FDC /* Build configuration list for PBXNativeTarget "kalman_test" */;
			buildPhases = (
				2DF916A7E3DD489C8EC4A4C3 /* Sources */,
			);
			buildRules = (
			);
			dependencies = (
				0942802119354ECDB5C05667 /* PBXTargetDependency */,
			);
			name = kalman_test;
			productName = kalman_test;
			productReference = E0CE048CE4D0472A9EF068FC /* kalman_test */;
			productType = "com.apple.product-type.tool";
		};
/* End PBXNativeTarget section */

/* Begin PBXProject section */
		255929427E9E44ED8C94D12E /* Project object */ = {
			isa = PBXProject;
			attributes = {
				BuildIndependentTargetsInParallel = YES;
				LastUpgradeCheck = 0910;
			};
			buildConfigurationList = 278CA288E9564670A02D46CA /* Build configuration list for PBXProject "kalman" */;
			compatibilityVersion = "Xcode 3.2";
			developmentRegion = en;
			hasScannedForEncodings = 0;
			knownRegions = (
				en,
			);
			mainGroup = 5258B9F9EC8B47C0ACF11DEE;
			projectDirPath = "";
			projectRoot = "";
			targets = (
				DCDBEA28BFDA4238AE56426A /* ALL_BUILD */,
				AA6F1851E4C94EE698BA2A9A /* ZERO_CHECK */,
				989ED09018824917A6B10B3B /* kalman_test */,
			);
		};
/* End PBXProject section */

/* Begin PBXShellScriptBuildPhase section */
		50F7B3F1D2834B5BBAB6E7E5 /* CMake Rules */ = {
			isa = PBXShellScriptBuildPhase;
			buildActionMask = 2147483647;
			files = (
			);
			name = "CMake Rules";
			runOnlyForDeploymentPostprocessing = 0;
			shellPath = /bin/sh;
			shellScript = "make -C /Users/sawah/Documents/ponts/GMM/2eme_semestre/projet_departement/Kalman/kalman-cpp -f /Users/sawah/Documents/ponts/GMM/2eme_semestre/projet_departement/Kalman/kalman-cpp/CMakeScripts/ALL_BUILD_cmakeRulesBuildPhase.make$CONFIGURATION all";
			showEnvVarsInLog = 0;
		};
		65A0A2DE0612410498BACBE6 /* CMake Rules */ = {
			isa = PBXShellScriptBuildPhase;
			buildActionMask = 2147483647;
			files = (
			);
			name = "CMake Rules";
			runOnlyForDeploymentPostprocessing = 0;
			shellPath = /bin/sh;
			shellScript = "make -C /Users/sawah/Documents/ponts/GMM/2eme_semestre/projet_departement/Kalman/kalman-cpp -f /Users/sawah/Documents/ponts/GMM/2eme_semestre/projet_departement/Kalman/kalman-cpp/CMakeScripts/ZERO_CHECK_cmakeRulesBuildPhase.make$CONFIGURATION all";
			showEnvVarsInLog = 0;
		};
/* End PBXShellScriptBuildPhase section */

/* Begin PBXSourcesBuildPhase section */
		2DF916A7E3DD489C8EC4A4C3 /* Sources */ = {
			isa = PBXSourcesBuildPhase;
			buildActionMask = 2147483647;
			files = (
				70C7F5A160E249B49E33A4EB /* kalman.cpp in Sources */,
				E7685FF6FFE24186A65E1A24 /* kalman_test.cpp in Sources */,
			);
			runOnlyForDeploymentPostprocessing = 0;
		};
/* End PBXSourcesBuildPhase section */

/* Begin PBXTargetDependency section */
		0942802119354ECDB5C05667 /* PBXTargetDependency */ = {
			isa = PBXTargetDependency;
			target = AA6F1851E4C94EE698BA2A9A /* ZERO_CHECK */;
			targetProxy = 1A88C265CCBF48C69FF56C2C /* PBXContainerItemProxy */;
		};
		C2182451B9DE4E1C8C525555 /* PBXTargetDependency */ = {
			isa = PBXTargetDependency;
			target = AA6F1851E4C94EE698BA2A9A /* ZERO_CHECK */;
			targetProxy = 98A8F33E4B4C4E4F89A4977D /* PBXContainerItemProxy */;
		};
		DF598CE795EB4F0F901A8447 /* PBXTargetDependency */ = {
			isa = PBXTargetDependency;
			target = 989ED09018824917A6B10B3B /* kalman_test */;
			targetProxy = 1ADF73DA7614499E80CE9D23 /* PBXContainerItemProxy */;
		};
/* End PBXTargetDependency section */

/* Begin XCBuildConfiguration section */
		1396C5DEEAAB442F8673BA4F /* Debug */ = {
			isa = XCBuildConfiguration;
			buildSettings = {
				MACOSX_DEPLOYMENT_TARGET = 10.12;
				ONLY_ACTIVE_ARCH = YES;
				SDKROOT = /Applications/Xcode.app/Contents/Developer/Platforms/MacOSX.platform/Developer/SDKs/MacOSX10.13.sdk;
				SYMROOT = "/Users/sawah/Documents/ponts/GMM/2eme_semestre/projet_departement/Kalman/kalman-cpp/build";
			};
			name = Debug;
		};
		30DAC34AD4F845E59F4173C2 /* RelWithDebInfo */ = {
			isa = XCBuildConfiguration;
			buildSettings = {
				MACOSX_DEPLOYMENT_TARGET = 10.12;
				ONLY_ACTIVE_ARCH = YES;
				SDKROOT = /Applications/Xcode.app/Contents/Developer/Platforms/MacOSX.platform/Developer/SDKs/MacOSX10.13.sdk;
				SYMROOT = "/Users/sawah/Documents/ponts/GMM/2eme_semestre/projet_departement/Kalman/kalman-cpp/build";
			};
			name = RelWithDebInfo;
		};
		3148CEBB2E0C4B02A1F8A459 /* RelWithDebInfo */ = {
			isa = XCBuildConfiguration;
			buildSettings = {
				COMBINE_HIDPI_IMAGES = YES;
				GCC_GENERATE_DEBUGGING_SYMBOLS = YES;
				GCC_INLINES_ARE_PRIVATE_EXTERN = NO;
				GCC_OPTIMIZATION_LEVEL = 0;
				GCC_PREPROCESSOR_DEFINITIONS = "'CMAKE_INTDIR=\"$(CONFIGURATION)$(EFFECTIVE_PLATFORM_NAME)\"'";
				GCC_SYMBOLS_PRIVATE_EXTERN = NO;
				HEADER_SEARCH_PATHS = "/Users/sawah/Documents/ponts/GMM/2eme_semestre/projet_departement/Kalman/kalman-cpp/bibli_eigen";
				INSTALL_PATH = "";
				OTHER_LDFLAGS = " ";
				OTHER_REZFLAGS = "";
				PRODUCT_NAME = ALL_BUILD;
				SECTORDER_FLAGS = "";
				SYMROOT = "/Users/sawah/Documents/ponts/GMM/2eme_semestre/projet_departement/Kalman/kalman-cpp";
				USE_HEADERMAP = NO;
				WARNING_CFLAGS = (
					"-Wmost",
					"-Wno-four-char-constants",
					"-Wno-unknown-pragmas",
					"$(inherited)",
				);
			};
			name = RelWithDebInfo;
		};
		3C9BB5D770E345B4A7E6368A /* Release */ = {
			isa = XCBuildConfiguration;
			buildSettings = {
				MACOSX_DEPLOYMENT_TARGET = 10.12;
				ONLY_ACTIVE_ARCH = YES;
				SDKROOT = /Applications/Xcode.app/Contents/Developer/Platforms/MacOSX.platform/Developer/SDKs/MacOSX10.13.sdk;
				SYMROOT = "/Users/sawah/Documents/ponts/GMM/2eme_semestre/projet_departement/Kalman/kalman-cpp/build";
			};
			name = Release;
		};
		45261097CD3E4BCA82CC1D9D /* RelWithDebInfo */ = {
			isa = XCBuildConfiguration;
			buildSettings = {
				COMBINE_HIDPI_IMAGES = YES;
				EXECUTABLE_PREFIX = "";
				EXECUTABLE_SUFFIX = "";
				GCC_GENERATE_DEBUGGING_SYMBOLS = YES;
				GCC_INLINES_ARE_PRIVATE_EXTERN = NO;
				GCC_OPTIMIZATION_LEVEL = 2;
				GCC_PREPROCESSOR_DEFINITIONS = "'CMAKE_INTDIR=\"$(CONFIGURATION)$(EFFECTIVE_PLATFORM_NAME)\"'";
				GCC_SYMBOLS_PRIVATE_EXTERN = NO;
				HEADER_SEARCH_PATHS = "/Users/sawah/Documents/ponts/GMM/2eme_semestre/projet_departement/Kalman/kalman-cpp/bibli_eigen";
				INSTALL_PATH = "";
				LIBRARY_SEARCH_PATHS = "";
				OTHER_CPLUSPLUSFLAGS = "       -DNDEBUG  ";
				OTHER_LDFLAGS = (
					"-Wl,-search_paths_first",
					"-Wl,-headerpad_max_install_names",
				);
				OTHER_REZFLAGS = "";
				PRODUCT_NAME = kalman_test;
				SECTORDER_FLAGS = "";
				SYMROOT = "/Users/sawah/Documents/ponts/GMM/2eme_semestre/projet_departement/Kalman/kalman-cpp";
				USE_HEADERMAP = NO;
				WARNING_CFLAGS = (
					"-Wmost",
					"-Wno-four-char-constants",
					"-Wno-unknown-pragmas",
					"$(inherited)",
				);
			};
			name = RelWithDebInfo;
		};
		6E17DB5328E64F87B2E3B8D1 /* MinSizeRel */ = {
			isa = XCBuildConfiguration;
			buildSettings = {
				COMBINE_HIDPI_IMAGES = YES;
				EXECUTABLE_PREFIX = "";
				EXECUTABLE_SUFFIX = "";
				GCC_GENERATE_DEBUGGING_SYMBOLS = NO;
				GCC_INLINES_ARE_PRIVATE_EXTERN = NO;
				GCC_OPTIMIZATION_LEVEL = s;
				GCC_PREPROCESSOR_DEFINITIONS = "'CMAKE_INTDIR=\"$(CONFIGURATION)$(EFFECTIVE_PLATFORM_NAME)\"'";
				GCC_SYMBOLS_PRIVATE_EXTERN = NO;
				HEADER_SEARCH_PATHS = "/Users/sawah/Documents/ponts/GMM/2eme_semestre/projet_departement/Kalman/kalman-cpp/bibli_eigen";
				INSTALL_PATH = "";
				LIBRARY_SEARCH_PATHS = "";
				OTHER_CPLUSPLUSFLAGS = "    -DNDEBUG  ";
				OTHER_LDFLAGS = (
					"-Wl,-search_paths_first",
					"-Wl,-headerpad_max_install_names",
				);
				OTHER_REZFLAGS = "";
				PRODUCT_NAME = kalman_test;
				SECTORDER_FLAGS = "";
				SYMROOT = "/Users/sawah/Documents/ponts/GMM/2eme_semestre/projet_departement/Kalman/kalman-cpp";
				USE_HEADERMAP = NO;
				WARNING_CFLAGS = (
					"-Wmost",
					"-Wno-four-char-constants",
					"-Wno-unknown-pragmas",
					"$(inherited)",
				);
			};
			name = MinSizeRel;
		};
		8836280E49044D9FB2D8003C /* MinSizeRel */ = {
			isa = XCBuildConfiguration;
			buildSettings = {
				COMBINE_HIDPI_IMAGES = YES;
				GCC_GENERATE_DEBUGGING_SYMBOLS = YES;
				GCC_INLINES_ARE_PRIVATE_EXTERN = NO;
				GCC_OPTIMIZATION_LEVEL = 0;
				GCC_PREPROCESSOR_DEFINITIONS = "'CMAKE_INTDIR=\"$(CONFIGURATION)$(EFFECTIVE_PLATFORM_NAME)\"'";
				GCC_SYMBOLS_PRIVATE_EXTERN = NO;
				HEADER_SEARCH_PATHS = "/Users/sawah/Documents/ponts/GMM/2eme_semestre/projet_departement/Kalman/kalman-cpp/bibli_eigen";
				INSTALL_PATH = "";
				OTHER_LDFLAGS = " ";
				OTHER_REZFLAGS = "";
				PRODUCT_NAME = ZERO_CHECK;
				SECTORDER_FLAGS = "";
				SYMROOT = "/Users/sawah/Documents/ponts/GMM/2eme_semestre/projet_departement/Kalman/kalman-cpp";
				USE_HEADERMAP = NO;
				WARNING_CFLAGS = (
					"-Wmost",
					"-Wno-four-char-constants",
					"-Wno-unknown-pragmas",
					"$(inherited)",
				);
			};
			name = MinSizeRel;
		};
		8C106503CD934C1AA6B97D7D /* RelWithDebInfo */ = {
			isa = XCBuildConfiguration;
			buildSettings = {
				COMBINE_HIDPI_IMAGES = YES;
				GCC_GENERATE_DEBUGGING_SYMBOLS = YES;
				GCC_INLINES_ARE_PRIVATE_EXTERN = NO;
				GCC_OPTIMIZATION_LEVEL = 0;
				GCC_PREPROCESSOR_DEFINITIONS = "'CMAKE_INTDIR=\"$(CONFIGURATION)$(EFFECTIVE_PLATFORM_NAME)\"'";
				GCC_SYMBOLS_PRIVATE_EXTERN = NO;
				HEADER_SEARCH_PATHS = "/Users/sawah/Documents/ponts/GMM/2eme_semestre/projet_departement/Kalman/kalman-cpp/bibli_eigen";
				INSTALL_PATH = "";
				OTHER_LDFLAGS = " ";
				OTHER_REZFLAGS = "";
				PRODUCT_NAME = ZERO_CHECK;
				SECTORDER_FLAGS = "";
				SYMROOT = "/Users/sawah/Documents/ponts/GMM/2eme_semestre/projet_departement/Kalman/kalman-cpp";
				USE_HEADERMAP = NO;
				WARNING_CFLAGS = (
					"-Wmost",
					"-Wno-four-char-constants",
					"-Wno-unknown-pragmas",
					"$(inherited)",
				);
			};
			name = RelWithDebInfo;
		};
		8CB0403DEA80432D9D64A33F /* Debug */ = {
			isa = XCBuildConfiguration;
			buildSettings = {
				COMBINE_HIDPI_IMAGES = YES;
				EXECUTABLE_PREFIX = "";
				EXECUTABLE_SUFFIX = "";
				GCC_GENERATE_DEBUGGING_SYMBOLS = YES;
				GCC_INLINES_ARE_PRIVATE_EXTERN = NO;
				GCC_OPTIMIZATION_LEVEL = 0;
				GCC_PREPROCESSOR_DEFINITIONS = "'CMAKE_INTDIR=\"$(CONFIGURATION)$(EFFECTIVE_PLATFORM_NAME)\"'";
				GCC_SYMBOLS_PRIVATE_EXTERN = NO;
				HEADER_SEARCH_PATHS = "/Users/sawah/Documents/ponts/GMM/2eme_semestre/projet_departement/Kalman/kalman-cpp/bibli_eigen";
				INSTALL_PATH = "";
				LIBRARY_SEARCH_PATHS = "";
				OTHER_CPLUSPLUSFLAGS = "    ";
				OTHER_LDFLAGS = (
					"-Wl,-search_paths_first",
					"-Wl,-headerpad_max_install_names",
				);
				OTHER_REZFLAGS = "";
				PRODUCT_NAME = kalman_test;
				SECTORDER_FLAGS = "";
				SYMROOT = "/Users/sawah/Documents/ponts/GMM/2eme_semestre/projet_departement/Kalman/kalman-cpp";
				USE_HEADERMAP = NO;
				WARNING_CFLAGS = (
					"-Wmost",
					"-Wno-four-char-constants",
					"-Wno-unknown-pragmas",
					"$(inherited)",
				);
			};
			name = Debug;
		};
		8F24CA88BE4B441782B7C7A2 /* Debug */ = {
			isa = XCBuildConfiguration;
			buildSettings = {
				COMBINE_HIDPI_IMAGES = YES;
				GCC_GENERATE_DEBUGGING_SYMBOLS = YES;
				GCC_INLINES_ARE_PRIVATE_EXTERN = NO;
				GCC_OPTIMIZATION_LEVEL = 0;
				GCC_PREPROCESSOR_DEFINITIONS = "'CMAKE_INTDIR=\"$(CONFIGURATION)$(EFFECTIVE_PLATFORM_NAME)\"'";
				GCC_SYMBOLS_PRIVATE_EXTERN = NO;
				HEADER_SEARCH_PATHS = "/Users/sawah/Documents/ponts/GMM/2eme_semestre/projet_departement/Kalman/kalman-cpp/bibli_eigen";
				INSTALL_PATH = "";
				OTHER_LDFLAGS = " ";
				OTHER_REZFLAGS = "";
				PRODUCT_NAME = ZERO_CHECK;
				SECTORDER_FLAGS = "";
				SYMROOT = "/Users/sawah/Documents/ponts/GMM/2eme_semestre/projet_departement/Kalman/kalman-cpp";
				USE_HEADERMAP = NO;
				WARNING_CFLAGS = (
					"-Wmost",
					"-Wno-four-char-constants",
					"-Wno-unknown-pragmas",
					"$(inherited)",
				);
			};
			name = Debug;
		};
		AFA19602AF684B5D84B5FE75 /* MinSizeRel */ = {
			isa = XCBuildConfiguration;
			buildSettings = {
				COMBINE_HIDPI_IMAGES = YES;
				GCC_GENERATE_DEBUGGING_SYMBOLS = YES;
				GCC_INLINES_ARE_PRIVATE_EXTERN = NO;
				GCC_OPTIMIZATION_LEVEL = 0;
				GCC_PREPROCESSOR_DEFINITIONS = "'CMAKE_INTDIR=\"$(CONFIGURATION)$(EFFECTIVE_PLATFORM_NAME)\"'";
				GCC_SYMBOLS_PRIVATE_EXTERN = NO;
				HEADER_SEARCH_PATHS = "/Users/sawah/Documents/ponts/GMM/2eme_semestre/projet_departement/Kalman/kalman-cpp/bibli_eigen";
				INSTALL_PATH = "";
				OTHER_LDFLAGS = " ";
				OTHER_REZFLAGS = "";
				PRODUCT_NAME = ALL_BUILD;
				SECTORDER_FLAGS = "";
				SYMROOT = "/Users/sawah/Documents/ponts/GMM/2eme_semestre/projet_departement/Kalman/kalman-cpp";
				USE_HEADERMAP = NO;
				WARNING_CFLAGS = (
					"-Wmost",
					"-Wno-four-char-constants",
					"-Wno-unknown-pragmas",
					"$(inherited)",
				);
			};
			name = MinSizeRel;
		};
		B77BF8FF48FE48FEBDEC47CA /* Release */ = {
			isa = XCBuildConfiguration;
			buildSettings = {
				COMBINE_HIDPI_IMAGES = YES;
				GCC_GENERATE_DEBUGGING_SYMBOLS = YES;
				GCC_INLINES_ARE_PRIVATE_EXTERN = NO;
				GCC_OPTIMIZATION_LEVEL = 0;
				GCC_PREPROCESSOR_DEFINITIONS = "'CMAKE_INTDIR=\"$(CONFIGURATION)$(EFFECTIVE_PLATFORM_NAME)\"'";
				GCC_SYMBOLS_PRIVATE_EXTERN = NO;
				HEADER_SEARCH_PATHS = "/Users/sawah/Documents/ponts/GMM/2eme_semestre/projet_departement/Kalman/kalman-cpp/bibli_eigen";
				INSTALL_PATH = "";
				OTHER_LDFLAGS = " ";
				OTHER_REZFLAGS = "";
				PRODUCT_NAME = ZERO_CHECK;
				SECTORDER_FLAGS = "";
				SYMROOT = "/Users/sawah/Documents/ponts/GMM/2eme_semestre/projet_departement/Kalman/kalman-cpp";
				USE_HEADERMAP = NO;
				WARNING_CFLAGS = (
					"-Wmost",
					"-Wno-four-char-constants",
					"-Wno-unknown-pragmas",
					"$(inherited)",
				);
			};
			name = Release;
		};
		BA09295CD83A476689F33DA6 /* Release */ = {
			isa = XCBuildConfiguration;
			buildSettings = {
				COMBINE_HIDPI_IMAGES = YES;
				EXECUTABLE_PREFIX = "";
				EXECUTABLE_SUFFIX = "";
				GCC_GENERATE_DEBUGGING_SYMBOLS = NO;
				GCC_INLINES_ARE_PRIVATE_EXTERN = NO;
				GCC_OPTIMIZATION_LEVEL = 3;
				GCC_PREPROCESSOR_DEFINITIONS = "'CMAKE_INTDIR=\"$(CONFIGURATION)$(EFFECTIVE_PLATFORM_NAME)\"'";
				GCC_SYMBOLS_PRIVATE_EXTERN = NO;
				HEADER_SEARCH_PATHS = "/Users/sawah/Documents/ponts/GMM/2eme_semestre/projet_departement/Kalman/kalman-cpp/bibli_eigen";
				INSTALL_PATH = "";
				LIBRARY_SEARCH_PATHS = "";
				OTHER_CPLUSPLUSFLAGS = "    -DNDEBUG  ";
				OTHER_LDFLAGS = (
					"-Wl,-search_paths_first",
					"-Wl,-headerpad_max_install_names",
				);
				OTHER_REZFLAGS = "";
				PRODUCT_NAME = kalman_test;
				SECTORDER_FLAGS = "";
				SYMROOT = "/Users/sawah/Documents/ponts/GMM/2eme_semestre/projet_departement/Kalman/kalman-cpp";
				USE_HEADERMAP = NO;
				WARNING_CFLAGS = (
					"-Wmost",
					"-Wno-four-char-constants",
					"-Wno-unknown-pragmas",
					"$(inherited)",
				);
			};
			name = Release;
		};
		BB475F4A196B41A88F93A0F4 /* MinSizeRel */ = {
			isa = XCBuildConfiguration;
			buildSettings = {
				MACOSX_DEPLOYMENT_TARGET = 10.12;
				ONLY_ACTIVE_ARCH = YES;
				SDKROOT = /Applications/Xcode.app/Contents/Developer/Platforms/MacOSX.platform/Developer/SDKs/MacOSX10.13.sdk;
				SYMROOT = "/Users/sawah/Documents/ponts/GMM/2eme_semestre/projet_departement/Kalman/kalman-cpp/build";
			};
			name = MinSizeRel;
		};
		E1FB5A19301C44DA8EE79D6A /* Debug */ = {
			isa = XCBuildConfiguration;
			buildSettings = {
				COMBINE_HIDPI_IMAGES = YES;
				GCC_GENERATE_DEBUGGING_SYMBOLS = YES;
				GCC_INLINES_ARE_PRIVATE_EXTERN = NO;
				GCC_OPTIMIZATION_LEVEL = 0;
				GCC_PREPROCESSOR_DEFINITIONS = "'CMAKE_INTDIR=\"$(CONFIGURATION)$(EFFECTIVE_PLATFORM_NAME)\"'";
				GCC_SYMBOLS_PRIVATE_EXTERN = NO;
				HEADER_SEARCH_PATHS = "/Users/sawah/Documents/ponts/GMM/2eme_semestre/projet_departement/Kalman/kalman-cpp/bibli_eigen";
				INSTALL_PATH = "";
				OTHER_LDFLAGS = " ";
				OTHER_REZFLAGS = "";
				PRODUCT_NAME = ALL_BUILD;
				SECTORDER_FLAGS = "";
				SYMROOT = "/Users/sawah/Documents/ponts/GMM/2eme_semestre/projet_departement/Kalman/kalman-cpp";
				USE_HEADERMAP = NO;
				WARNING_CFLAGS = (
					"-Wmost",
					"-Wno-four-char-constants",
					"-Wno-unknown-pragmas",
					"$(inherited)",
				);
			};
			name = Debug;
		};
		FA43C6624A2E4D9381B04269 /* Release */ = {
			isa = XCBuildConfiguration;
			buildSettings = {
				COMBINE_HIDPI_IMAGES = YES;
				GCC_GENERATE_DEBUGGING_SYMBOLS = YES;
				GCC_INLINES_ARE_PRIVATE_EXTERN = NO;
				GCC_OPTIMIZATION_LEVEL = 0;
				GCC_PREPROCESSOR_DEFINITIONS = "'CMAKE_INTDIR=\"$(CONFIGURATION)$(EFFECTIVE_PLATFORM_NAME)\"'";
				GCC_SYMBOLS_PRIVATE_EXTERN = NO;
				HEADER_SEARCH_PATHS = "/Users/sawah/Documents/ponts/GMM/2eme_semestre/projet_departement/Kalman/kalman-cpp/bibli_eigen";
				INSTALL_PATH = "";
				OTHER_LDFLAGS = " ";
				OTHER_REZFLAGS = "";
				PRODUCT_NAME = ALL_BUILD;
				SECTORDER_FLAGS = "";
				SYMROOT = "/Users/sawah/Documents/ponts/GMM/2eme_semestre/projet_departement/Kalman/kalman-cpp";
				USE_HEADERMAP = NO;
				WARNING_CFLAGS = (
					"-Wmost",
					"-Wno-four-char-constants",
					"-Wno-unknown-pragmas",
					"$(inherited)",
				);
			};
			name = Release;
		};
/* End XCBuildConfiguration section */

/* Begin XCConfigurationList section */
		278CA288E9564670A02D46CA /* Build configuration list for PBXProject "kalman" */ = {
			isa = XCConfigurationList;
			buildConfigurations = (
				1396C5DEEAAB442F8673BA4F /* Debug */,
				3C9BB5D770E345B4A7E6368A /* Release */,
				BB475F4A196B41A88F93A0F4 /* MinSizeRel */,
				30DAC34AD4F845E59F4173C2 /* RelWithDebInfo */,
			);
			defaultConfigurationIsVisible = 0;
			defaultConfigurationName = Debug;
		};
		52D34105C45A4B36AD11C270 /* Build configuration list for PBXAggregateTarget "ZERO_CHECK" */ = {
			isa = XCConfigurationList;
			buildConfigurations = (
				8F24CA88BE4B441782B7C7A2 /* Debug */,
				B77BF8FF48FE48FEBDEC47CA /* Release */,
				8836280E49044D9FB2D8003C /* MinSizeRel */,
				8C106503CD934C1AA6B97D7D /* RelWithDebInfo */,
			);
			defaultConfigurationIsVisible = 0;
			defaultConfigurationName = Debug;
		};
		5D9DAB39065D4FB8820D5098 /* Build configuration list for PBXAggregateTarget "ALL_BUILD" */ = {
			isa = XCConfigurationList;
			buildConfigurations = (
				E1FB5A19301C44DA8EE79D6A /* Debug */,
				FA43C6624A2E4D9381B04269 /* Release */,
				AFA19602AF684B5D84B5FE75 /* MinSizeRel */,
				3148CEBB2E0C4B02A1F8A459 /* RelWithDebInfo */,
			);
			defaultConfigurationIsVisible = 0;
			defaultConfigurationName = Debug;
		};
		881B84CE65234DC780011FDC /* Build configuration list for PBXNativeTarget "kalman_test" */ = {
			isa = XCConfigurationList;
			buildConfigurations = (
				8CB0403DEA80432D9D64A33F /* Debug */,
				BA09295CD83A476689F33DA6 /* Release */,
				6E17DB5328E64F87B2E3B8D1 /* MinSizeRel */,
				45261097CD3E4BCA82CC1D9D /* RelWithDebInfo */,
			);
			defaultConfigurationIsVisible = 0;
			defaultConfigurationName = Debug;
		};
/* End XCConfigurationList section */
	};
	rootObject = 255929427E9E44ED8C94D12E /* Project object */;
}
